{
  "name": "ytlist",
  "version": "1.0.0",
  "lockfileVersion": 3,
  "requires": true,
  "packages": {
    "": {
      "name": "ytlist",
      "version": "1.0.0",
      "license": "ISC",
      "dependencies": {
        "@musement/iso-duration": "^1.0.0",
        "dotenv": "^16.3.1"
      }
    },
    "node_modules/@musement/iso-duration": {
      "version": "1.0.0",
      "resolved": "https://registry.npmjs.org/@musement/iso-duration/-/iso-duration-1.0.0.tgz",
      "integrity": "sha512-gTJOmIXfsh5AyOdsUwkYcAIdWd9fCa/e0dV7mfV/B+oDOoJne5ciNMazDdQacylbWTQpF5aMdp2xrHVEwiryfg=="
    },
    "node_modules/dotenv": {
      "version": "16.3.1",
      "resolved": "https://registry.npmjs.org/dotenv/-/dotenv-16.3.1.tgz",
      "integrity": "sha512-IPzF4w4/Rd94bA9imS68tZBaYyBWSCE47V1RGuMrB94iyTOIEwRmVL2x/4An+6mETpLrKJ5hQkB8W4kFAadeIQ==",
      "engines": {
        "node": ">=12"
      },
      "funding": {
        "url": "https://github.com/motdotla/dotenv?sponsor=1"
      }
    }
  }
}
